PODS:
  - Charts (3.3.0):
    - Charts/Core (= 3.3.0)
  - Charts/Core (3.3.0)
  - PTCardTabBar (1.0.1)

DEPENDENCIES:
  - Charts
  - PTCardTabBar

SPEC REPOS:
  https://github.com/CocoaPods/Specs.git:
    - Charts
  trunk:
    - PTCardTabBar

SPEC CHECKSUMS:
  Charts: e0dd4cd8f257bccf98407b58183ddca8e8d5b578
  PTCardTabBar: 9112a6d4eb2b73da9cf4e7f3aefe04504479cf98

PODFILE CHECKSUM: 4620323ae32b7e7bb6b39165f7192985e294359e

COCOAPODS: 1.8.3
