// !$*UTF8*$!
{
	archiveVersion = 1;
	classes = {
	};
	objectVersion = 50;
	objects = {

/* Begin PBXBuildFile section */
		9B2A600E231FD91600CF6ED1 /* AppDelegate.swift in Sources */ = {isa = PBXBuildFile; fileRef = 9B2A600D231FD91600CF6ED1 /* AppDelegate.swift */; };
		9B2A6013231FD91600CF6ED1 /* Main.storyboard in Resources */ = {isa = PBXBuildFile; fileRef = 9B2A6011231FD91600CF6ED1 /* Main.storyboard */; };
		9B2A6018231FD91800CF6ED1 /* LaunchScreen.storyboard in Resources */ = {isa = PBXBuildFile; fileRef = 9B2A6016231FD91800CF6ED1 /* LaunchScreen.storyboard */; };
		9B617D36232CB10700CB52DA /* StatisticViewController.swift in Sources */ = {isa = PBXBuildFile; fileRef = 9B617D35232CB10700CB52DA /* StatisticViewController.swift */; };
		9B6AC6F023322A4800C20A2E /* Record+CoreDataClass.swift in Sources */ = {isa = PBXBuildFile; fileRef = 9B6AC6EC23322A4800C20A2E /* Record+CoreDataClass.swift */; };
		9B6AC6F123322A4800C20A2E /* Record+CoreDataProperties.swift in Sources */ = {isa = PBXBuildFile; fileRef = 9B6AC6ED23322A4800C20A2E /* Record+CoreDataProperties.swift */; };
		9B6AC6F223322A4800C20A2E /* Counter+CoreDataClass.swift in Sources */ = {isa = PBXBuildFile; fileRef = 9B6AC6EE23322A4800C20A2E /* Counter+CoreDataClass.swift */; };
		9B6AC6F323322A4800C20A2E /* Counter+CoreDataProperties.swift in Sources */ = {isa = PBXBuildFile; fileRef = 9B6AC6EF23322A4800C20A2E /* Counter+CoreDataProperties.swift */; };
		9BA9CEBB2324E28A001D5132 /* NewRecordViewController.swift in Sources */ = {isa = PBXBuildFile; fileRef = 9BA9CEBA2324E28A001D5132 /* NewRecordViewController.swift */; };
		9BA9CEBD2324E29A001D5132 /* RecordDetailViewController.swift in Sources */ = {isa = PBXBuildFile; fileRef = 9BA9CEBC2324E29A001D5132 /* RecordDetailViewController.swift */; };
		9BA9CEC32324E388001D5132 /* RecordTableViewController.swift in Sources */ = {isa = PBXBuildFile; fileRef = 9BA9CEC22324E388001D5132 /* RecordTableViewController.swift */; };
		9BAB737E231FDD9500554374 /* CounterViewController.swift in Sources */ = {isa = PBXBuildFile; fileRef = 9BAB737D231FDD9400554374 /* CounterViewController.swift */; };
		9BAB7380231FDD9F00554374 /* MapViewController.swift in Sources */ = {isa = PBXBuildFile; fileRef = 9BAB737F231FDD9F00554374 /* MapViewController.swift */; };
		9BCA32282330C88600F91088 /* Assets.xcassets in Resources */ = {isa = PBXBuildFile; fileRef = 9BCA32272330C88500F91088 /* Assets.xcassets */; };
		9BCAF6B02329070D00BFC423 /* SmoothBreath.xcdatamodeld in Sources */ = {isa = PBXBuildFile; fileRef = 9BCAF6AE2329070D00BFC423 /* SmoothBreath.xcdatamodeld */; };
		9BEBF00B2323EF3200AD8A94 /* RecordTableViewCell.swift in Sources */ = {isa = PBXBuildFile; fileRef = 9BEBF00A2323EF3200AD8A94 /* RecordTableViewCell.swift */; };
		C9A4FD0E75FF2DBE145FDE1A /* Pods_SmoothBreath_iOS.framework in Frameworks */ = {isa = PBXBuildFile; fileRef = C3FFF4324231B91F97B19E55 /* Pods_SmoothBreath_iOS.framework */; };
/* End PBXBuildFile section */

/* Begin PBXFileReference section */
		9B2A600A231FD91600CF6ED1 /* SmoothBreath_iOS.app */ = {isa = PBXFileReference; explicitFileType = wrapper.application; includeInIndex = 0; path = SmoothBreath_iOS.app; sourceTree = BUILT_PRODUCTS_DIR; };
		9B2A600D231FD91600CF6ED1 /* AppDelegate.swift */ = {isa = PBXFileReference; lastKnownFileType = sourcecode.swift; path = AppDelegate.swift; sourceTree = "<group>"; };
		9B2A6012231FD91600CF6ED1 /* Base */ = {isa = PBXFileReference; lastKnownFileType = file.storyboard; name = Base; path = Base.lproj/Main.storyboard; sourceTree = "<group>"; };
		9B2A6017231FD91800CF6ED1 /* Base */ = {isa = PBXFileReference; lastKnownFileType = file.storyboard; name = Base; path = Base.lproj/LaunchScreen.storyboard; sourceTree = "<group>"; };
		9B2A6019231FD91800CF6ED1 /* Info.plist */ = {isa = PBXFileReference; lastKnownFileType = text.plist.xml; path = Info.plist; sourceTree = "<group>"; };
		9B617D35232CB10700CB52DA /* StatisticViewController.swift */ = {isa = PBXFileReference; lastKnownFileType = sourcecode.swift; path = StatisticViewController.swift; sourceTree = "<group>"; };
		9B6AC6EC23322A4800C20A2E /* Record+CoreDataClass.swift */ = {isa = PBXFileReference; lastKnownFileType = sourcecode.swift; path = "Record+CoreDataClass.swift"; sourceTree = "<group>"; };
		9B6AC6ED23322A4800C20A2E /* Record+CoreDataProperties.swift */ = {isa = PBXFileReference; lastKnownFileType = sourcecode.swift; path = "Record+CoreDataProperties.swift"; sourceTree = "<group>"; };
		9B6AC6EE23322A4800C20A2E /* Counter+CoreDataClass.swift */ = {isa = PBXFileReference; lastKnownFileType = sourcecode.swift; path = "Counter+CoreDataClass.swift"; sourceTree = "<group>"; };
		9B6AC6EF23322A4800C20A2E /* Counter+CoreDataProperties.swift */ = {isa = PBXFileReference; lastKnownFileType = sourcecode.swift; path = "Counter+CoreDataProperties.swift"; sourceTree = "<group>"; };
		9BA9CEBA2324E28A001D5132 /* NewRecordViewController.swift */ = {isa = PBXFileReference; lastKnownFileType = sourcecode.swift; path = NewRecordViewController.swift; sourceTree = "<group>"; };
		9BA9CEBC2324E29A001D5132 /* RecordDetailViewController.swift */ = {isa = PBXFileReference; lastKnownFileType = sourcecode.swift; path = RecordDetailViewController.swift; sourceTree = "<group>"; };
		9BA9CEC22324E388001D5132 /* RecordTableViewController.swift */ = {isa = PBXFileReference; lastKnownFileType = sourcecode.swift; path = RecordTableViewController.swift; sourceTree = "<group>"; };
		9BAB737D231FDD9400554374 /* CounterViewController.swift */ = {isa = PBXFileReference; lastKnownFileType = sourcecode.swift; path = CounterViewController.swift; sourceTree = "<group>"; };
		9BAB737F231FDD9F00554374 /* MapViewController.swift */ = {isa = PBXFileReference; lastKnownFileType = sourcecode.swift; path = MapViewController.swift; sourceTree = "<group>"; };
		9BCA32272330C88500F91088 /* Assets.xcassets */ = {isa = PBXFileReference; lastKnownFileType = folder.assetcatalog; path = Assets.xcassets; sourceTree = "<group>"; };
		9BCAF6AF2329070D00BFC423 /* SmoothBreath.xcdatamodel */ = {isa = PBXFileReference; lastKnownFileType = wrapper.xcdatamodel; path = SmoothBreath.xcdatamodel; sourceTree = "<group>"; };
		9BEBF00A2323EF3200AD8A94 /* RecordTableViewCell.swift */ = {isa = PBXFileReference; lastKnownFileType = sourcecode.swift; path = RecordTableViewCell.swift; sourceTree = "<group>"; };
		B032257BE329DA2A838826B9 /* Pods-SmoothBreath_iOS.debug.xcconfig */ = {isa = PBXFileReference; includeInIndex = 1; lastKnownFileType = text.xcconfig; name = "Pods-SmoothBreath_iOS.debug.xcconfig"; path = "Target Support Files/Pods-SmoothBreath_iOS/Pods-SmoothBreath_iOS.debug.xcconfig"; sourceTree = "<group>"; };
		B549821AD4C8036C23B74CE4 /* Pods-SmoothBreath_iOS.release.xcconfig */ = {isa = PBXFileReference; includeInIndex = 1; lastKnownFileType = text.xcconfig; name = "Pods-SmoothBreath_iOS.release.xcconfig"; path = "Target Support Files/Pods-SmoothBreath_iOS/Pods-SmoothBreath_iOS.release.xcconfig"; sourceTree = "<group>"; };
		C3FFF4324231B91F97B19E55 /* Pods_SmoothBreath_iOS.framework */ = {isa = PBXFileReference; explicitFileType = wrapper.framework; includeInIndex = 0; path = Pods_SmoothBreath_iOS.framework; sourceTree = BUILT_PRODUCTS_DIR; };
/* End PBXFileReference section */

/* Begin PBXFrameworksBuildPhase section */
		9B2A6007231FD91600CF6ED1 /* Frameworks */ = {
			isa = PBXFrameworksBuildPhase;
			buildActionMask = 2147483647;
			files = (
				C9A4FD0E75FF2DBE145FDE1A /* Pods_SmoothBreath_iOS.framework in Frameworks */,
			);
			runOnlyForDeploymentPostprocessing = 0;
		};
/* End PBXFrameworksBuildPhase section */

/* Begin PBXGroup section */
		09C436115FF4974C2DA457A9 /* Pods */ = {
			isa = PBXGroup;
			children = (
				B032257BE329DA2A838826B9 /* Pods-SmoothBreath_iOS.debug.xcconfig */,
				B549821AD4C8036C23B74CE4 /* Pods-SmoothBreath_iOS.release.xcconfig */,
			);
			name = Pods;
			path = Pods;
			sourceTree = "<group>";
		};
		342065A02F1E8D27971C0DEA /* Frameworks */ = {
			isa = PBXGroup;
			children = (
				C3FFF4324231B91F97B19E55 /* Pods_SmoothBreath_iOS.framework */,
			);
			name = Frameworks;
			sourceTree = "<group>";
		};
		9B2A6001231FD91600CF6ED1 = {
			isa = PBXGroup;
			children = (
				9B2A600C231FD91600CF6ED1 /* SmoothBreath_iOS */,
				9B2A600B231FD91600CF6ED1 /* Products */,
				09C436115FF4974C2DA457A9 /* Pods */,
				342065A02F1E8D27971C0DEA /* Frameworks */,
			);
			sourceTree = "<group>";
		};
		9B2A600B231FD91600CF6ED1 /* Products */ = {
			isa = PBXGroup;
			children = (
				9B2A600A231FD91600CF6ED1 /* SmoothBreath_iOS.app */,
			);
			name = Products;
			sourceTree = "<group>";
		};
		9B2A600C231FD91600CF6ED1 /* SmoothBreath_iOS */ = {
			isa = PBXGroup;
			children = (
				9B2A6019231FD91800CF6ED1 /* Info.plist */,
				9B2A600D231FD91600CF6ED1 /* AppDelegate.swift */,
				9BAB737D231FDD9400554374 /* CounterViewController.swift */,
				9BAB737F231FDD9F00554374 /* MapViewController.swift */,
				9BA9CEBA2324E28A001D5132 /* NewRecordViewController.swift */,
				9BA9CEBC2324E29A001D5132 /* RecordDetailViewController.swift */,
				9BEBF00A2323EF3200AD8A94 /* RecordTableViewCell.swift */,
				9BA9CEC22324E388001D5132 /* RecordTableViewController.swift */,
				9B617D35232CB10700CB52DA /* StatisticViewController.swift */,
				9BCA32272330C88500F91088 /* Assets.xcassets */,
				9BCAF69A2329034600BFC423 /* DataModel */,
				9B2A6016231FD91800CF6ED1 /* LaunchScreen.storyboard */,
				9B2A6011231FD91600CF6ED1 /* Main.storyboard */,
			);
			path = SmoothBreath_iOS;
			sourceTree = "<group>";
		};
		9BCAF69A2329034600BFC423 /* DataModel */ = {
			isa = PBXGroup;
			children = (
				9B6AC6EC23322A4800C20A2E /* Record+CoreDataClass.swift */,
				9B6AC6ED23322A4800C20A2E /* Record+CoreDataProperties.swift */,
				9B6AC6EE23322A4800C20A2E /* Counter+CoreDataClass.swift */,
				9B6AC6EF23322A4800C20A2E /* Counter+CoreDataProperties.swift */,
				9BCAF6AE2329070D00BFC423 /* SmoothBreath.xcdatamodeld */,
			);
			path = DataModel;
			sourceTree = "<group>";
		};
/* End PBXGroup section */

/* Begin PBXNativeTarget section */
		9B2A6009231FD91600CF6ED1 /* SmoothBreath_iOS */ = {
			isa = PBXNativeTarget;
			buildConfigurationList = 9B2A601C231FD91800CF6ED1 /* Build configuration list for PBXNativeTarget "SmoothBreath_iOS" */;
			buildPhases = (
				E00323388777425BDBD74DA1 /* [CP] Check Pods Manifest.lock */,
				9B2A6006231FD91600CF6ED1 /* Sources */,
				9B2A6007231FD91600CF6ED1 /* Frameworks */,
				9B2A6008231FD91600CF6ED1 /* Resources */,
				10D8E16B6795CD4A6A7B760A /* [CP] Embed Pods Frameworks */,
			);
			buildRules = (
			);
			dependencies = (
			);
			name = SmoothBreath_iOS;
			productName = SmoothBreath_iOS;
			productReference = 9B2A600A231FD91600CF6ED1 /* SmoothBreath_iOS.app */;
			productType = "com.apple.product-type.application";
		};
/* End PBXNativeTarget section */

/* Begin PBXProject section */
		9B2A6002231FD91600CF6ED1 /* Project object */ = {
			isa = PBXProject;
			attributes = {
				LastSwiftUpdateCheck = 1030;
				LastUpgradeCheck = 1030;
				ORGANIZATIONNAME = "Wenchu Du";
				TargetAttributes = {
					9B2A6009231FD91600CF6ED1 = {
						CreatedOnToolsVersion = 10.3;
					};
				};
			};
			buildConfigurationList = 9B2A6005231FD91600CF6ED1 /* Build configuration list for PBXProject "SmoothBreath_iOS" */;
			compatibilityVersion = "Xcode 9.3";
			developmentRegion = en;
			hasScannedForEncodings = 0;
			knownRegions = (
				en,
				Base,
			);
			mainGroup = 9B2A6001231FD91600CF6ED1;
			productRefGroup = 9B2A600B231FD91600CF6ED1 /* Products */;
			projectDirPath = "";
			projectRoot = "";
			targets = (
				9B2A6009231FD91600CF6ED1 /* SmoothBreath_iOS */,
			);
		};
/* End PBXProject section */

/* Begin PBXResourcesBuildPhase section */
		9B2A6008231FD91600CF6ED1 /* Resources */ = {
			isa = PBXResourcesBuildPhase;
			buildActionMask = 2147483647;
			files = (
				9B2A6018231FD91800CF6ED1 /* LaunchScreen.storyboard in Resources */,
				9BCA32282330C88600F91088 /* Assets.xcassets in Resources */,
				9B2A6013231FD91600CF6ED1 /* Main.storyboard in Resources */,
			);
			runOnlyForDeploymentPostprocessing = 0;
		};
/* End PBXResourcesBuildPhase section */

/* Begin PBXShellScriptBuildPhase section */
		10D8E16B6795CD4A6A7B760A /* [CP] Embed Pods Frameworks */ = {
			isa = PBXShellScriptBuildPhase;
			buildActionMask = 2147483647;
			files = (
			);
			inputFileListPaths = (
				"${PODS_ROOT}/Target Support Files/Pods-SmoothBreath_iOS/Pods-SmoothBreath_iOS-frameworks-${CONFIGURATION}-input-files.xcfilelist",
			);
			name = "[CP] Embed Pods Frameworks";
			outputFileListPaths = (
				"${PODS_ROOT}/Target Support Files/Pods-SmoothBreath_iOS/Pods-SmoothBreath_iOS-frameworks-${CONFIGURATION}-output-files.xcfilelist",
			);
			runOnlyForDeploymentPostprocessing = 0;
			shellPath = /bin/sh;
			shellScript = "\"${PODS_ROOT}/Target Support Files/Pods-SmoothBreath_iOS/Pods-SmoothBreath_iOS-frameworks.sh\"\n";
			showEnvVarsInLog = 0;
		};
		E00323388777425BDBD74DA1 /* [CP] Check Pods Manifest.lock */ = {
			isa = PBXShellScriptBuildPhase;
			buildActionMask = 2147483647;
			files = (
			);
			inputFileListPaths = (
			);
			inputPaths = (
				"${PODS_PODFILE_DIR_PATH}/Podfile.lock",
				"${PODS_ROOT}/Manifest.lock",
			);
			name = "[CP] Check Pods Manifest.lock";
			outputFileListPaths = (
			);
			outputPaths = (
				"$(DERIVED_FILE_DIR)/Pods-SmoothBreath_iOS-checkManifestLockResult.txt",
			);
			runOnlyForDeploymentPostprocessing = 0;
			shellPath = /bin/sh;
			shellScript = "diff \"${PODS_PODFILE_DIR_PATH}/Podfile.lock\" \"${PODS_ROOT}/Manifest.lock\" > /dev/null\nif [ $? != 0 ] ; then\n    # print error to STDERR\n    echo \"error: The sandbox is not in sync with the Podfile.lock. Run 'pod install' or update your CocoaPods installation.\" >&2\n    exit 1\nfi\n# This output is used by Xcode 'outputs' to avoid re-running this script phase.\necho \"SUCCESS\" > \"${SCRIPT_OUTPUT_FILE_0}\"\n";
			showEnvVarsInLog = 0;
		};
/* End PBXShellScriptBuildPhase section */

/* Begin PBXSourcesBuildPhase section */
		9B2A6006231FD91600CF6ED1 /* Sources */ = {
			isa = PBXSourcesBuildPhase;
			buildActionMask = 2147483647;
			files = (
				9B617D36232CB10700CB52DA /* StatisticViewController.swift in Sources */,
				9BA9CEC32324E388001D5132 /* RecordTableViewController.swift in Sources */,
				9BA9CEBD2324E29A001D5132 /* RecordDetailViewController.swift in Sources */,
				9BA9CEBB2324E28A001D5132 /* NewRecordViewController.swift in Sources */,
				9B2A600E231FD91600CF6ED1 /* AppDelegate.swift in Sources */,
				9BCAF6B02329070D00BFC423 /* SmoothBreath.xcdatamodeld in Sources */,
				9BAB7380231FDD9F00554374 /* MapViewController.swift in Sources */,
				9BEBF00B2323EF3200AD8A94 /* RecordTableViewCell.swift in Sources */,
				9B6AC6F123322A4800C20A2E /* Record+CoreDataProperties.swift in Sources */,
				9B6AC6F323322A4800C20A2E /* Counter+CoreDataProperties.swift in Sources */,
				9B6AC6F023322A4800C20A2E /* Record+CoreDataClass.swift in Sources */,
				9B6AC6F223322A4800C20A2E /* Counter+CoreDataClass.swift in Sources */,
				9BAB737E231FDD9500554374 /* CounterViewController.swift in Sources */,
			);
			runOnlyForDeploymentPostprocessing = 0;
		};
/* End PBXSourcesBuildPhase section */

/* Begin PBXVariantGroup section */
		9B2A6011231FD91600CF6ED1 /* Main.storyboard */ = {
			isa = PBXVariantGroup;
			children = (
				9B2A6012231FD91600CF6ED1 /* Base */,
			);
			name = Main.storyboard;
			sourceTree = "<group>";
		};
		9B2A6016231FD91800CF6ED1 /* LaunchScreen.storyboard */ = {
			isa = PBXVariantGroup;
			children = (
				9B2A6017231FD91800CF6ED1 /* Base */,
			);
			name = LaunchScreen.storyboard;
			sourceTree = "<group>";
		};
/* End PBXVariantGroup section */

/* Begin XCBuildConfiguration section */
		9B2A601A231FD91800CF6ED1 /* Debug */ = {
			isa = XCBuildConfiguration;
			buildSettings = {
				ALWAYS_SEARCH_USER_PATHS = NO;
				CLANG_ANALYZER_NONNULL = YES;
				CLANG_ANALYZER_NUMBER_OBJECT_CONVERSION = YES_AGGRESSIVE;
				CLANG_CXX_LANGUAGE_STANDARD = "gnu++14";
				CLANG_CXX_LIBRARY = "libc++";
				CLANG_ENABLE_MODULES = YES;
				CLANG_ENABLE_OBJC_ARC = YES;
				CLANG_ENABLE_OBJC_WEAK = YES;
				CLANG_WARN_BLOCK_CAPTURE_AUTORELEASING = YES;
				CLANG_WARN_BOOL_CONVERSION = YES;
				CLANG_WARN_COMMA = YES;
				CLANG_WARN_CONSTANT_CONVERSION = YES;
				CLANG_WARN_DEPRECATED_OBJC_IMPLEMENTATIONS = YES;
				CLANG_WARN_DIRECT_OBJC_ISA_USAGE = YES_ERROR;
				CLANG_WARN_DOCUMENTATION_COMMENTS = YES;
				CLANG_WARN_EMPTY_BODY = YES;
				CLANG_WARN_ENUM_CONVERSION = YES;
				CLANG_WARN_INFINITE_RECURSION = YES;
				CLANG_WARN_INT_CONVERSION = YES;
				CLANG_WARN_NON_LITERAL_NULL_CONVERSION = YES;
				CLANG_WARN_OBJC_IMPLICIT_RETAIN_SELF = YES;
				CLANG_WARN_OBJC_LITERAL_CONVERSION = YES;
				CLANG_WARN_OBJC_ROOT_CLASS = YES_ERROR;
				CLANG_WARN_RANGE_LOOP_ANALYSIS = YES;
				CLANG_WARN_STRICT_PROTOTYPES = YES;
				CLANG_WARN_SUSPICIOUS_MOVE = YES;
				CLANG_WARN_UNGUARDED_AVAILABILITY = YES_AGGRESSIVE;
				CLANG_WARN_UNREACHABLE_CODE = YES;
				CLANG_WARN__DUPLICATE_METHOD_MATCH = YES;
				CODE_SIGN_IDENTITY = "iPhone Developer";
				COPY_PHASE_STRIP = NO;
				DEBUG_INFORMATION_FORMAT = dwarf;
				ENABLE_STRICT_OBJC_MSGSEND = YES;
				ENABLE_TESTABILITY = YES;
				GCC_C_LANGUAGE_STANDARD = gnu11;
				GCC_DYNAMIC_NO_PIC = NO;
				GCC_NO_COMMON_BLOCKS = YES;
				GCC_OPTIMIZATION_LEVEL = 0;
				GCC_PREPROCESSOR_DEFINITIONS = (
					"DEBUG=1",
					"$(inherited)",
				);
				GCC_WARN_64_TO_32_BIT_CONVERSION = YES;
				GCC_WARN_ABOUT_RETURN_TYPE = YES_ERROR;
				GCC_WARN_UNDECLARED_SELECTOR = YES;
				GCC_WARN_UNINITIALIZED_AUTOS = YES_AGGRESSIVE;
				GCC_WARN_UNUSED_FUNCTION = YES;
				GCC_WARN_UNUSED_VARIABLE = YES;
				IPHONEOS_DEPLOYMENT_TARGET = 12.4;
				MTL_ENABLE_DEBUG_INFO = INCLUDE_SOURCE;
				MTL_FAST_MATH = YES;
				ONLY_ACTIVE_ARCH = YES;
				SDKROOT = iphoneos;
				SWIFT_ACTIVE_COMPILATION_CONDITIONS = DEBUG;
				SWIFT_OPTIMIZATION_LEVEL = "-Onone";
			};
			name = Debug;
		};
		9B2A601B231FD91800CF6ED1 /* Release */ = {
			isa = XCBuildConfiguration;
			buildSettings = {
				ALWAYS_SEARCH_USER_PATHS = NO;
				CLANG_ANALYZER_NONNULL = YES;
				CLANG_ANALYZER_NUMBER_OBJECT_CONVERSION = YES_AGGRESSIVE;
				CLANG_CXX_LANGUAGE_STANDARD = "gnu++14";
				CLANG_CXX_LIBRARY = "libc++";
				CLANG_ENABLE_MODULES = YES;
				CLANG_ENABLE_OBJC_ARC = YES;
				CLANG_ENABLE_OBJC_WEAK = YES;
				CLANG_WARN_BLOCK_CAPTURE_AUTORELEASING = YES;
				CLANG_WARN_BOOL_CONVERSION = YES;
				CLANG_WARN_COMMA = YES;
				CLANG_WARN_CONSTANT_CONVERSION = YES;
				CLANG_WARN_DEPRECATED_OBJC_IMPLEMENTATIONS = YES;
				CLANG_WARN_DIRECT_OBJC_ISA_USAGE = YES_ERROR;
				CLANG_WARN_DOCUMENTATION_COMMENTS = YES;
				CLANG_WARN_EMPTY_BODY = YES;
				CLANG_WARN_ENUM_CONVERSION = YES;
				CLANG_WARN_INFINITE_RECURSION = YES;
				CLANG_WARN_INT_CONVERSION = YES;
				CLANG_WARN_NON_LITERAL_NULL_CONVERSION = YES;
				CLANG_WARN_OBJC_IMPLICIT_RETAIN_SELF = YES;
				CLANG_WARN_OBJC_LITERAL_CONVERSION = YES;
				CLANG_WARN_OBJC_ROOT_CLASS = YES_ERROR;
				CLANG_WARN_RANGE_LOOP_ANALYSIS = YES;
				CLANG_WARN_STRICT_PROTOTYPES = YES;
				CLANG_WARN_SUSPICIOUS_MOVE = YES;
				CLANG_WARN_UNGUARDED_AVAILABILITY = YES_AGGRESSIVE;
				CLANG_WARN_UNREACHABLE_CODE = YES;
				CLANG_WARN__DUPLICATE_METHOD_MATCH = YES;
				CODE_SIGN_IDENTITY = "iPhone Developer";
				COPY_PHASE_STRIP = NO;
				DEBUG_INFORMATION_FORMAT = "dwarf-with-dsym";
				ENABLE_NS_ASSERTIONS = NO;
				ENABLE_STRICT_OBJC_MSGSEND = YES;
				GCC_C_LANGUAGE_STANDARD = gnu11;
				GCC_NO_COMMON_BLOCKS = YES;
				GCC_WARN_64_TO_32_BIT_CONVERSION = YES;
				GCC_WARN_ABOUT_RETURN_TYPE = YES_ERROR;
				GCC_WARN_UNDECLARED_SELECTOR = YES;
				GCC_WARN_UNINITIALIZED_AUTOS = YES_AGGRESSIVE;
				GCC_WARN_UNUSED_FUNCTION = YES;
				GCC_WARN_UNUSED_VARIABLE = YES;
				IPHONEOS_DEPLOYMENT_TARGET = 12.4;
				MTL_ENABLE_DEBUG_INFO = NO;
				MTL_FAST_MATH = YES;
				SDKROOT = iphoneos;
				SWIFT_COMPILATION_MODE = wholemodule;
				SWIFT_OPTIMIZATION_LEVEL = "-O";
				VALIDATE_PRODUCT = YES;
			};
			name = Release;
		};
		9B2A601D231FD91800CF6ED1 /* Debug */ = {
			isa = XCBuildConfiguration;
			baseConfigurationReference = B032257BE329DA2A838826B9 /* Pods-SmoothBreath_iOS.debug.xcconfig */;
			buildSettings = {
				ASSETCATALOG_COMPILER_APPICON_NAME = AppIcon;
				CODE_SIGN_STYLE = Automatic;
				DEVELOPMENT_TEAM = BA543NG78K;
				INFOPLIST_FILE = SmoothBreath_iOS/Info.plist;
				IPHONEOS_DEPLOYMENT_TARGET = 12.4;
				LD_RUNPATH_SEARCH_PATHS = (
					"$(inherited)",
					"@executable_path/Frameworks",
				);
				PRODUCT_BUNDLE_IDENTIFIER = "road2help.SmoothBreath-iOS";
				PRODUCT_NAME = "$(TARGET_NAME)";
				SWIFT_VERSION = 5.0;
				TARGETED_DEVICE_FAMILY = "1,2";
			};
			name = Debug;
		};
		9B2A601E231FD91800CF6ED1 /* Release */ = {
			isa = XCBuildConfiguration;
			baseConfigurationReference = B549821AD4C8036C23B74CE4 /* Pods-SmoothBreath_iOS.release.xcconfig */;
			buildSettings = {
				ASSETCATALOG_COMPILER_APPICON_NAME = AppIcon;
				CODE_SIGN_STYLE = Automatic;
				DEVELOPMENT_TEAM = BA543NG78K;
				INFOPLIST_FILE = SmoothBreath_iOS/Info.plist;
				IPHONEOS_DEPLOYMENT_TARGET = 12.4;
				LD_RUNPATH_SEARCH_PATHS = (
					"$(inherited)",
					"@executable_path/Frameworks",
				);
				PRODUCT_BUNDLE_IDENTIFIER = "road2help.SmoothBreath-iOS";
				PRODUCT_NAME = "$(TARGET_NAME)";
				SWIFT_VERSION = 5.0;
				TARGETED_DEVICE_FAMILY = "1,2";
			};
			name = Release;
		};
/* End XCBuildConfiguration section */

/* Begin XCConfigurationList section */
		9B2A6005231FD91600CF6ED1 /* Build configuration list for PBXProject "SmoothBreath_iOS" */ = {
			isa = XCConfigurationList;
			buildConfigurations = (
				9B2A601A231FD91800CF6ED1 /* Debug */,
				9B2A601B231FD91800CF6ED1 /* Release */,
			);
			defaultConfigurationIsVisible = 0;
			defaultConfigurationName = Release;
		};
		9B2A601C231FD91800CF6ED1 /* Build configuration list for PBXNativeTarget "SmoothBreath_iOS" */ = {
			isa = XCConfigurationList;
			buildConfigurations = (
				9B2A601D231FD91800CF6ED1 /* Debug */,
				9B2A601E231FD91800CF6ED1 /* Release */,
			);
			defaultConfigurationIsVisible = 0;
			defaultConfigurationName = Release;
		};
/* End XCConfigurationList section */

/* Begin XCVersionGroup section */
		9BCAF6AE2329070D00BFC423 /* SmoothBreath.xcdatamodeld */ = {
			isa = XCVersionGroup;
			children = (
				9BCAF6AF2329070D00BFC423 /* SmoothBreath.xcdatamodel */,
			);
			currentVersion = 9BCAF6AF2329070D00BFC423 /* SmoothBreath.xcdatamodel */;
			path = SmoothBreath.xcdatamodeld;
			sourceTree = "<group>";
			versionGroupType = wrapper.xcdatamodel;
		};
/* End XCVersionGroup section */
	};
	rootObject = 9B2A6002231FD91600CF6ED1 /* Project object */;
}
